Microsoft Visual Studio Solution File, Format Version 12.00
# Visual Studio 15
VisualStudioVersion = 15.0.26006.2
MinimumVisualStudioVersion = 10.0.40219.1
Project("{FAE04EC0-301F-11D3-BF4B-00C04F79EFBC}") = "AspNetCoreSample.Tests", "test/AspNetCoreSample.Tests/AspNetCoreSample.Tests.csproj", "{2D2D4FBC-9913-405E-8A2A-CEAE03D79DF6}"
EndProject
Project("{FAE04EC0-301F-11D3-BF4B-00C04F79EFBC}") = "AspNetCoreSample", "src/AspNetCoreSample/AspNetCoreSample.csproj", "{7108B94F-ADA4-45DD-A1E7-F80023483AE6}"
EndProject
Global
	GlobalSection(SolutionConfigurationPlatforms) = preSolution
		Debug|Any CPU = Debug|Any CPU
		Release|Any CPU = Release|Any CPU
	EndGlobalSection
	GlobalSection(ProjectConfigurationPlatforms) = postSolution
		{2D2D4FBC-9913-405E-8A2A-CEAE03D79DF6}.Debug|Any CPU.ActiveCfg = Debug|Any CPU
		{2D2D4FBC-9913-405E-8A2A-CEAE03D79DF6}.Debug|Any CPU.Build.0 = Debug|Any CPU
		{2D2D4FBC-9913-405E-8A2A-CEAE03D79DF6}.Release|Any CPU.ActiveCfg = Release|Any CPU
		{2D2D4FBC-9913-405E-8A2A-CEAE03D79DF6}.Release|Any CPU.Build.0 = Release|Any CPU
		{7108B94F-ADA4-45DD-A1E7-F80023483AE6}.Debug|Any CPU.ActiveCfg = Debug|Any CPU
		{7108B94F-ADA4-45DD-A1E7-F80023483AE6}.Debug|Any CPU.Build.0 = Debug|Any CPU
		{7108B94F-ADA4-45DD-A1E7-F80023483AE6}.Release|Any CPU.ActiveCfg = Release|Any CPU
		{7108B94F-ADA4-45DD-A1E7-F80023483AE6}.Release|Any CPU.Build.0 = Release|Any CPU
	EndGlobalSection
	GlobalSection(SolutionProperties) = preSolution
		HideSolutionNode = FALSE
	EndGlobalSection
EndGlobal
